
Microsoft Visual Studio Solution File, Format Version 12.00
# Visual Studio Version 17
VisualStudioVersion = 17.4.33122.133
MinimumVisualStudioVersion = 10.0.40219.1
Project("{8BC9CEB8-8B4A-11D0-8D11-00A0C91BC942}") = "poradnia_ZTZ", "poradnia_ZTZ\poradnia_ZTZ.vcxproj", "{F9641C9A-2FCE-461F-9D45-1C5E1FFB9AE4}"
EndProject
Global
	GlobalSection(SolutionConfigurationPlatforms) = preSolution
		Debug|x64 = Debug|x64
		Debug|x86 = Debug|x86
		Release|x64 = Release|x64
		Release|x86 = Release|x86
	EndGlobalSection
	GlobalSection(ProjectConfigurationPlatforms) = postSolution
		{F9641C9A-2FCE-461F-9D45-1C5E1FFB9AE4}.Debug|x64.ActiveCfg = Debug|x64
		{F9641C9A-2FCE-461F-9D45-1C5E1FFB9AE4}.Debug|x64.Build.0 = Debug|x64
		{F9641C9A-2FCE-461F-9D45-1C5E1FFB9AE4}.Debug|x86.ActiveCfg = Debug|Win32
		{F9641C9A-2FCE-461F-9D45-1C5E1FFB9AE4}.Debug|x86.Build.0 = Debug|Win32
		{F9641C9A-2FCE-461F-9D45-1C5E1FFB9AE4}.Release|x64.ActiveCfg = Release|x64
		{F9641C9A-2FCE-461F-9D45-1C5E1FFB9AE4}.Release|x64.Build.0 = Release|x64
		{F9641C9A-2FCE-461F-9D45-1C5E1FFB9AE4}.Release|x86.ActiveCfg = Release|Win32
		{F9641C9A-2FCE-461F-9D45-1C5E1FFB9AE4}.Release|x86.Build.0 = Release|Win32
	EndGlobalSection
	GlobalSection(SolutionProperties) = preSolution
		HideSolutionNode = FALSE
	EndGlobalSection
	GlobalSection(ExtensibilityGlobals) = postSolution
		SolutionGuid = {BCC94AAA-0F1D-4897-A50E-65086261A984}
	EndGlobalSection
EndGlobal
